[[package]]
name = 'core'
dependencies = []

[[package]]
name = 'exchange_abi'
dependencies = ['std git+https://github.com/fuellabs/sway?tag=v0.12.2#2b6e9384f06692ec627293ae5db5e2f748fe2c30']

[[package]]
name = 'exchange_contract'
dependencies = [
    'exchange_abi',
    'std git+https://github.com/fuellabs/sway?tag=v0.12.2#2b6e9384f06692ec627293ae5db5e2f748fe2c30',
    'swayswap_helpers',
]

[[package]]
name = 'std'
source = 'git+https://github.com/fuellabs/sway?tag=v0.12.2#2b6e9384f06692ec627293ae5db5e2f748fe2c30'
dependencies = ['core']

[[package]]
name = 'swayswap_helpers'
dependencies = ['std git+https://github.com/fuellabs/sway?tag=v0.12.2#2b6e9384f06692ec627293ae5db5e2f748fe2c30']
