[[package]]
name = 'core'
dependencies = []

[[package]]
name = 'exchange_abi'
dependencies = ['std git+https://github.com/fuellabs/sway?tag=v0.14.1#02ef7d10b6bf883d73fc1fd23034dc814dfffea2']

[[package]]
name = 'exchange_contract'
dependencies = [
    'exchange_abi',
    'std git+https://github.com/fuellabs/sway?tag=v0.14.1#02ef7d10b6bf883d73fc1fd23034dc814dfffea2',
    'swayswap_helpers',
]

[[package]]
name = 'std'
source = 'git+https://github.com/fuellabs/sway?tag=v0.14.1#02ef7d10b6bf883d73fc1fd23034dc814dfffea2'
dependencies = ['core']

[[package]]
name = 'swayswap_helpers'
dependencies = ['std git+https://github.com/fuellabs/sway?tag=v0.14.1#02ef7d10b6bf883d73fc1fd23034dc814dfffea2']
