[[package]]
name = 'core'
dependencies = []

[[package]]
name = 'std'
source = 'git+https://github.com/FuelLabs/sway?branch=master#6f3439a6431037feee369d584240e3d19b235f41'
dependencies = ['core']

[[package]]
name = 'token_abi'
dependencies = ['std git+https://github.com/FuelLabs/sway?branch=master#6f3439a6431037feee369d584240e3d19b235f41']

[[package]]
name = 'token_contract'
dependencies = [
    'std git+https://github.com/FuelLabs/sway?branch=master#6f3439a6431037feee369d584240e3d19b235f41',
    'token_abi',
]
