[[package]]
name = 'core'
source = 'git+http://github.com/FuelLabs/sway-lib-core?reference=master#c331ed20ebc9d646acec6b8ee8f408627ce3b573'
dependencies = []

[[package]]
name = 'std'
source = 'git+http://github.com/FuelLabs/sway-lib-std?reference=master#de8ee7c607ac7098dbcb3cd22444aef523526655'
dependencies = ['core git+http://github.com/FuelLabs/sway-lib-core?reference=master#c331ed20ebc9d646acec6b8ee8f408627ce3b573']

[[package]]
name = 'swayswap'
dependencies = [
    'core git+http://github.com/FuelLabs/sway-lib-core?reference=master#c331ed20ebc9d646acec6b8ee8f408627ce3b573',
    'std git+http://github.com/FuelLabs/sway-lib-std?reference=master#de8ee7c607ac7098dbcb3cd22444aef523526655',
]
