[[package]]
name = 'core'
source = 'git+https://github.com/FuelLabs/sway-lib-core?reference=master#30274cf817c1848e28f984c2e8703eb25e7a3a44'
dependencies = []

[[package]]
name = 'std'
source = 'git+http://github.com/FuelLabs/sway-lib-std?reference=master#02452b855362cc3d6454101ca9cc5cd0c9683f62'
dependencies = ['core git+https://github.com/FuelLabs/sway-lib-core?reference=master#30274cf817c1848e28f984c2e8703eb25e7a3a44']

[[package]]
name = 'swayswap'
dependencies = ['std git+http://github.com/FuelLabs/sway-lib-std?reference=master#02452b855362cc3d6454101ca9cc5cd0c9683f62']
