[[package]]
name = 'core'
dependencies = []

[[package]]
name = 'std'
source = 'git+https://github.com/FuelLabs/sway?branch=master#4905aa0b2b6cb7178d6229e7bed94c241a418c26'
dependencies = ['core']

[[package]]
name = 'swayswap_abi'
dependencies = ['std git+https://github.com/FuelLabs/sway?branch=master#4905aa0b2b6cb7178d6229e7bed94c241a418c26']

[[package]]
name = 'swayswap_contract'
dependencies = [
    'std git+https://github.com/FuelLabs/sway?branch=master#4905aa0b2b6cb7178d6229e7bed94c241a418c26',
    'swayswap_abi',
]
